
Microsoft Visual Studio Solution File, Format Version 12.00
# Visual Studio Version 17
VisualStudioVersion = 17.0.31903.59
MinimumVisualStudioVersion = 10.0.40219.1
Project("{FAE04EC0-301F-11D3-BF4B-00C04F79EFBC}") = "GalacticApi.Models", "Models\GalacticApi.Models.csproj", "{C70B7902-D19F-48C5-B75F-3552F1C4E5F9}"
EndProject
Project("{FAE04EC0-301F-11D3-BF4B-00C04F79EFBC}") = "GalacticApi.Services", "Services\GalacticApi.Services.csproj", "{3B503494-174F-43A9-8E41-5586A5C0E39B}"
EndProject
Project("{FAE04EC0-301F-11D3-BF4B-00C04F79EFBC}") = "GalacticApi.Data", "Data\GalacticApi.Data.csproj", "{A9C33A4A-4591-457D-93B5-F55740FE3E29}"
EndProject
Project("{FAE04EC0-301F-11D3-BF4B-00C04F79EFBC}") = "GalacticApi.Api", "Api\GalacticApi.Api.csproj", "{0F9BD183-EE71-45AA-8DC8-B953C35AC4B0}"
EndProject
Global
	GlobalSection(SolutionConfigurationPlatforms) = preSolution
		Debug|Any CPU = Debug|Any CPU
		Release|Any CPU = Release|Any CPU
	EndGlobalSection
	GlobalSection(SolutionProperties) = preSolution
		HideSolutionNode = FALSE
	EndGlobalSection
	GlobalSection(ProjectConfigurationPlatforms) = postSolution
		{C70B7902-D19F-48C5-B75F-3552F1C4E5F9}.Debug|Any CPU.ActiveCfg = Debug|Any CPU
		{C70B7902-D19F-48C5-B75F-3552F1C4E5F9}.Debug|Any CPU.Build.0 = Debug|Any CPU
		{C70B7902-D19F-48C5-B75F-3552F1C4E5F9}.Release|Any CPU.ActiveCfg = Release|Any CPU
		{C70B7902-D19F-48C5-B75F-3552F1C4E5F9}.Release|Any CPU.Build.0 = Release|Any CPU
		{3B503494-174F-43A9-8E41-5586A5C0E39B}.Debug|Any CPU.ActiveCfg = Debug|Any CPU
		{3B503494-174F-43A9-8E41-5586A5C0E39B}.Debug|Any CPU.Build.0 = Debug|Any CPU
		{3B503494-174F-43A9-8E41-5586A5C0E39B}.Release|Any CPU.ActiveCfg = Release|Any CPU
		{3B503494-174F-43A9-8E41-5586A5C0E39B}.Release|Any CPU.Build.0 = Release|Any CPU
		{A9C33A4A-4591-457D-93B5-F55740FE3E29}.Debug|Any CPU.ActiveCfg = Debug|Any CPU
		{A9C33A4A-4591-457D-93B5-F55740FE3E29}.Debug|Any CPU.Build.0 = Debug|Any CPU
		{A9C33A4A-4591-457D-93B5-F55740FE3E29}.Release|Any CPU.ActiveCfg = Release|Any CPU
		{A9C33A4A-4591-457D-93B5-F55740FE3E29}.Release|Any CPU.Build.0 = Release|Any CPU
		{0F9BD183-EE71-45AA-8DC8-B953C35AC4B0}.Debug|Any CPU.ActiveCfg = Debug|Any CPU
		{0F9BD183-EE71-45AA-8DC8-B953C35AC4B0}.Debug|Any CPU.Build.0 = Debug|Any CPU
		{0F9BD183-EE71-45AA-8DC8-B953C35AC4B0}.Release|Any CPU.ActiveCfg = Release|Any CPU
		{0F9BD183-EE71-45AA-8DC8-B953C35AC4B0}.Release|Any CPU.Build.0 = Release|Any CPU
	EndGlobalSection
EndGlobal
